
Microsoft Visual Studio Solution File, Format Version 12.00
# Visual Studio Version 16
VisualStudioVersion = 16.0.30804.86
MinimumVisualStudioVersion = 10.0.40219.1
Project("{FAE04EC0-301F-11D3-BF4B-00C04F79EFBC}") = "Generics", "Generics\Generics.csproj", "{BEFC8CFB-1491-4CCC-9C9A-F8FAF45AA40E}"
EndProject
Global
	GlobalSection(SolutionConfigurationPlatforms) = preSolution
		Debug|Any CPU = Debug|Any CPU
		Release|Any CPU = Release|Any CPU
	EndGlobalSection
	GlobalSection(ProjectConfigurationPlatforms) = postSolution
		{BEFC8CFB-1491-4CCC-9C9A-F8FAF45AA40E}.Debug|Any CPU.ActiveCfg = Debug|Any CPU
		{BEFC8CFB-1491-4CCC-9C9A-F8FAF45AA40E}.Debug|Any CPU.Build.0 = Debug|Any CPU
		{BEFC8CFB-1491-4CCC-9C9A-F8FAF45AA40E}.Release|Any CPU.ActiveCfg = Release|Any CPU
		{BEFC8CFB-1491-4CCC-9C9A-F8FAF45AA40E}.Release|Any CPU.Build.0 = Release|Any CPU
	EndGlobalSection
	GlobalSection(SolutionProperties) = preSolution
		HideSolutionNode = FALSE
	EndGlobalSection
	GlobalSection(ExtensibilityGlobals) = postSolution
		SolutionGuid = {DD29F6A6-B718-4B36-BE06-61DFAA7636BE}
	EndGlobalSection
EndGlobal
